// !$*UTF8*$!
{
	archiveVersion = 1;
	classes = {
	};
	objectVersion = 77;
	objects = {

/* Begin PBXBuildFile section */
		6820F50A2E29855900AF0630 /* Assets.xcassets in Resources */ = {isa = PBXBuildFile; fileRef = 6820F5062E29855900AF0630 /* Assets.xcassets */; };
		6820F50B2E29855900AF0630 /* ContentView.swift in Sources */ = {isa = PBXBuildFile; fileRef = 6820F5072E29855900AF0630 /* ContentView.swift */; };
		6820F50C2E29855900AF0630 /* GlobantChallenge2025App.swift in Sources */ = {isa = PBXBuildFile; fileRef = 6820F5082E29855900AF0630 /* GlobantChallenge2025App.swift */; };
		6820F5192E29889400AF0630 /* Movie.swift in Sources */ = {isa = PBXBuildFile; fileRef = 6820F5182E29888800AF0630 /* Movie.swift */; };
		6820F51C2E29899000AF0630 /* MovieDTO.swift in Sources */ = {isa = PBXBuildFile; fileRef = 6820F51B2E29898200AF0630 /* MovieDTO.swift */; };
		6820F51E2E298C8900AF0630 /* MovieServiceParams.swift in Sources */ = {isa = PBXBuildFile; fileRef = 6820F51D2E298C7200AF0630 /* MovieServiceParams.swift */; };
		6820F5242E298E0400AF0630 /* String+Date.swift in Sources */ = {isa = PBXBuildFile; fileRef = 6820F5232E298E0000AF0630 /* String+Date.swift */; };
		6820F5272E29907100AF0630 /* MovieService.swift in Sources */ = {isa = PBXBuildFile; fileRef = 6820F5262E29906200AF0630 /* MovieService.swift */; };
		6820F5292E29908300AF0630 /* MovieRemoteService.swift in Sources */ = {isa = PBXBuildFile; fileRef = 6820F5282E29907400AF0630 /* MovieRemoteService.swift */; };
		6820F52B2E2990A300AF0630 /* MovieLocalService.swift in Sources */ = {isa = PBXBuildFile; fileRef = 6820F52A2E29908C00AF0630 /* MovieLocalService.swift */; };
		6820F52D2E2993DB00AF0630 /* MovieResponseDTO.swift in Sources */ = {isa = PBXBuildFile; fileRef = 6820F52C2E2993C400AF0630 /* MovieResponseDTO.swift */; };
		6820F5312E29943300AF0630 /* Error+Result.swift in Sources */ = {isa = PBXBuildFile; fileRef = 6820F5302E29943100AF0630 /* Error+Result.swift */; };
		6820F53B2E29977600AF0630 /* AppInitializer.swift in Sources */ = {isa = PBXBuildFile; fileRef = 6820F53A2E29977200AF0630 /* AppInitializer.swift */; };
		6820F53D2E2998A700AF0630 /* Result+Handlers.swift in Sources */ = {isa = PBXBuildFile; fileRef = 6820F53C2E2998A500AF0630 /* Result+Handlers.swift */; };
		6820F5402E2A8F6900AF0630 /* MoviesInteractor.swift in Sources */ = {isa = PBXBuildFile; fileRef = 6820F53F2E2A8F4C00AF0630 /* MoviesInteractor.swift */; };
		6820F5422E2A908800AF0630 /* Result+Extensions.swift in Sources */ = {isa = PBXBuildFile; fileRef = 6820F5412E2A907400AF0630 /* Result+Extensions.swift */; };
		6820F54B2E2A925F00AF0630 /* CarsListViewModel.swift in Sources */ = {isa = PBXBuildFile; fileRef = 6820F54A2E2A923C00AF0630 /* CarsListViewModel.swift */; };
		6820F54D2E2A93F600AF0630 /* CarsListView.swift in Sources */ = {isa = PBXBuildFile; fileRef = 6820F54C2E2A93C700AF0630 /* CarsListView.swift */; };
		6820F5502E2A9FE900AF0630 /* CarDetailView.swift in Sources */ = {isa = PBXBuildFile; fileRef = 6820F54F2E2A9FDA00AF0630 /* CarDetailView.swift */; };
		6820F5522E2AA00A00AF0630 /* CarDetailViewModel.swift in Sources */ = {isa = PBXBuildFile; fileRef = 6820F5512E2A9FF000AF0630 /* CarDetailViewModel.swift */; };
		6820F5542E2AA02200AF0630 /* FavoriteStatus.swift in Sources */ = {isa = PBXBuildFile; fileRef = 6820F5532E2AA00F00AF0630 /* FavoriteStatus.swift */; };
/* End PBXBuildFile section */

/* Begin PBXFileReference section */
		6820F4F42E294B5600AF0630 /* GlobantChallenge2025.app */ = {isa = PBXFileReference; explicitFileType = wrapper.application; includeInIndex = 0; path = GlobantChallenge2025.app; sourceTree = BUILT_PRODUCTS_DIR; };
		6820F5062E29855900AF0630 /* Assets.xcassets */ = {isa = PBXFileReference; lastKnownFileType = folder.assetcatalog; path = Assets.xcassets; sourceTree = "<group>"; };
		6820F5072E29855900AF0630 /* ContentView.swift */ = {isa = PBXFileReference; lastKnownFileType = sourcecode.swift; path = ContentView.swift; sourceTree = "<group>"; };
		6820F5082E29855900AF0630 /* GlobantChallenge2025App.swift */ = {isa = PBXFileReference; lastKnownFileType = sourcecode.swift; path = GlobantChallenge2025App.swift; sourceTree = "<group>"; };
		6820F5182E29888800AF0630 /* Movie.swift */ = {isa = PBXFileReference; lastKnownFileType = sourcecode.swift; path = Movie.swift; sourceTree = "<group>"; };
		6820F51B2E29898200AF0630 /* MovieDTO.swift */ = {isa = PBXFileReference; lastKnownFileType = sourcecode.swift; path = MovieDTO.swift; sourceTree = "<group>"; };
		6820F51D2E298C7200AF0630 /* MovieServiceParams.swift */ = {isa = PBXFileReference; lastKnownFileType = sourcecode.swift; path = MovieServiceParams.swift; sourceTree = "<group>"; };
		6820F5232E298E0000AF0630 /* String+Date.swift */ = {isa = PBXFileReference; lastKnownFileType = sourcecode.swift; path = "String+Date.swift"; sourceTree = "<group>"; };
		6820F5262E29906200AF0630 /* MovieService.swift */ = {isa = PBXFileReference; lastKnownFileType = sourcecode.swift; path = MovieService.swift; sourceTree = "<group>"; };
		6820F5282E29907400AF0630 /* MovieRemoteService.swift */ = {isa = PBXFileReference; lastKnownFileType = sourcecode.swift; path = MovieRemoteService.swift; sourceTree = "<group>"; };
		6820F52A2E29908C00AF0630 /* MovieLocalService.swift */ = {isa = PBXFileReference; lastKnownFileType = sourcecode.swift; path = MovieLocalService.swift; sourceTree = "<group>"; };
		6820F52C2E2993C400AF0630 /* MovieResponseDTO.swift */ = {isa = PBXFileReference; lastKnownFileType = sourcecode.swift; path = MovieResponseDTO.swift; sourceTree = "<group>"; };
		6820F5302E29943100AF0630 /* Error+Result.swift */ = {isa = PBXFileReference; lastKnownFileType = sourcecode.swift; path = "Error+Result.swift"; sourceTree = "<group>"; };
		6820F53A2E29977200AF0630 /* AppInitializer.swift */ = {isa = PBXFileReference; lastKnownFileType = sourcecode.swift; path = AppInitializer.swift; sourceTree = "<group>"; };
		6820F53C2E2998A500AF0630 /* Result+Handlers.swift */ = {isa = PBXFileReference; lastKnownFileType = sourcecode.swift; path = "Result+Handlers.swift"; sourceTree = "<group>"; };
		6820F53F2E2A8F4C00AF0630 /* MoviesInteractor.swift */ = {isa = PBXFileReference; lastKnownFileType = sourcecode.swift; path = MoviesInteractor.swift; sourceTree = "<group>"; };
		6820F5412E2A907400AF0630 /* Result+Extensions.swift */ = {isa = PBXFileReference; lastKnownFileType = sourcecode.swift; path = "Result+Extensions.swift"; sourceTree = "<group>"; };
		6820F54A2E2A923C00AF0630 /* CarsListViewModel.swift */ = {isa = PBXFileReference; lastKnownFileType = sourcecode.swift; path = CarsListViewModel.swift; sourceTree = "<group>"; };
		6820F54C2E2A93C700AF0630 /* CarsListView.swift */ = {isa = PBXFileReference; lastKnownFileType = sourcecode.swift; path = CarsListView.swift; sourceTree = "<group>"; };
		6820F54F2E2A9FDA00AF0630 /* CarDetailView.swift */ = {isa = PBXFileReference; lastKnownFileType = sourcecode.swift; path = CarDetailView.swift; sourceTree = "<group>"; };
		6820F5512E2A9FF000AF0630 /* CarDetailViewModel.swift */ = {isa = PBXFileReference; lastKnownFileType = sourcecode.swift; path = CarDetailViewModel.swift; sourceTree = "<group>"; };
		6820F5532E2AA00F00AF0630 /* FavoriteStatus.swift */ = {isa = PBXFileReference; lastKnownFileType = sourcecode.swift; path = FavoriteStatus.swift; sourceTree = "<group>"; };
/* End PBXFileReference section */

/* Begin PBXFrameworksBuildPhase section */
		6820F4F12E294B5600AF0630 /* Frameworks */ = {
			isa = PBXFrameworksBuildPhase;
			buildActionMask = 2147483647;
			files = (
			);
			runOnlyForDeploymentPostprocessing = 0;
		};
/* End PBXFrameworksBuildPhase section */

/* Begin PBXGroup section */
		6820F4EB2E294B5600AF0630 = {
			isa = PBXGroup;
			children = (
				6820F5092E29855900AF0630 /* GlobantChallenge2025 */,
				6820F4F52E294B5600AF0630 /* Products */,
			);
			sourceTree = "<group>";
		};
		6820F4F52E294B5600AF0630 /* Products */ = {
			isa = PBXGroup;
			children = (
				6820F4F42E294B5600AF0630 /* GlobantChallenge2025.app */,
			);
			name = Products;
			sourceTree = "<group>";
		};
		6820F5092E29855900AF0630 /* GlobantChallenge2025 */ = {
			isa = PBXGroup;
			children = (
				6820F5392E29974900AF0630 /* Launch */,
				6820F5122E2985DC00AF0630 /* Presentation */,
				6820F5112E2985D200AF0630 /* Data */,
				6820F5102E2985BD00AF0630 /* Domain */,
				6820F50F2E2985B100AF0630 /* General */,
				6820F50E2E2985A100AF0630 /* Resources */,
				6820F5062E29855900AF0630 /* Assets.xcassets */,
				6820F5072E29855900AF0630 /* ContentView.swift */,
				6820F5082E29855900AF0630 /* GlobantChallenge2025App.swift */,
			);
			path = GlobantChallenge2025;
			sourceTree = "<group>";
		};
		6820F50E2E2985A100AF0630 /* Resources */ = {
			isa = PBXGroup;
			children = (
			);
			path = Resources;
			sourceTree = "<group>";
		};
		6820F50F2E2985B100AF0630 /* General */ = {
			isa = PBXGroup;
			children = (
				6820F5202E298CFB00AF0630 /* Components */,
				6820F51F2E298CF100AF0630 /* Base */,
			);
			path = General;
			sourceTree = "<group>";
		};
		6820F5102E2985BD00AF0630 /* Domain */ = {
			isa = PBXGroup;
			children = (
				6820F53E2E2A8F1B00AF0630 /* Interactors */,
				6820F5142E2986F700AF0630 /* Entities */,
			);
			path = Domain;
			sourceTree = "<group>";
		};
		6820F5112E2985D200AF0630 /* Data */ = {
			isa = PBXGroup;
			children = (
				6820F5252E29905100AF0630 /* Services */,
			);
			path = Data;
			sourceTree = "<group>";
		};
		6820F5122E2985DC00AF0630 /* Presentation */ = {
			isa = PBXGroup;
			children = (
				6820F5452E2A91B500AF0630 /* Scenes */,
			);
			path = Presentation;
			sourceTree = "<group>";
		};
		6820F5142E2986F700AF0630 /* Entities */ = {
			isa = PBXGroup;
			children = (
				6820F5152E2987BA00AF0630 /* Models */,
				6820F5172E29886A00AF0630 /* DTO */,
				6820F5162E2987EA00AF0630 /* ServiceParams */,
			);
			path = Entities;
			sourceTree = "<group>";
		};
		6820F5152E2987BA00AF0630 /* Models */ = {
			isa = PBXGroup;
			children = (
				6820F5182E29888800AF0630 /* Movie.swift */,
			);
			path = Models;
			sourceTree = "<group>";
		};
		6820F5162E2987EA00AF0630 /* ServiceParams */ = {
			isa = PBXGroup;
			children = (
				6820F51D2E298C7200AF0630 /* MovieServiceParams.swift */,
			);
			path = ServiceParams;
			sourceTree = "<group>";
		};
		6820F5172E29886A00AF0630 /* DTO */ = {
			isa = PBXGroup;
			children = (
				6820F52C2E2993C400AF0630 /* MovieResponseDTO.swift */,
				6820F51B2E29898200AF0630 /* MovieDTO.swift */,
			);
			path = DTO;
			sourceTree = "<group>";
		};
		6820F51F2E298CF100AF0630 /* Base */ = {
			isa = PBXGroup;
			children = (
				6820F5412E2A907400AF0630 /* Result+Extensions.swift */,
				6820F53C2E2998A500AF0630 /* Result+Handlers.swift */,
				6820F5302E29943100AF0630 /* Error+Result.swift */,
				6820F5232E298E0000AF0630 /* String+Date.swift */,
			);
			path = Base;
			sourceTree = "<group>";
		};
		6820F5202E298CFB00AF0630 /* Components */ = {
			isa = PBXGroup;
			children = (
			);
			path = Components;
			sourceTree = "<group>";
		};
		6820F5252E29905100AF0630 /* Services */ = {
			isa = PBXGroup;
			children = (
				6820F52A2E29908C00AF0630 /* MovieLocalService.swift */,
				6820F5282E29907400AF0630 /* MovieRemoteService.swift */,
				6820F5262E29906200AF0630 /* MovieService.swift */,
			);
			path = Services;
			sourceTree = "<group>";
		};
		6820F5392E29974900AF0630 /* Launch */ = {
			isa = PBXGroup;
			children = (
				6820F53A2E29977200AF0630 /* AppInitializer.swift */,
			);
			path = Launch;
			sourceTree = "<group>";
		};
		6820F53E2E2A8F1B00AF0630 /* Interactors */ = {
			isa = PBXGroup;
			children = (
				6820F53F2E2A8F4C00AF0630 /* MoviesInteractor.swift */,
			);
			path = Interactors;
			sourceTree = "<group>";
		};
		6820F5452E2A91B500AF0630 /* Scenes */ = {
			isa = PBXGroup;
			children = (
				6820F5482E2A91D800AF0630 /* Car */,
			);
			path = Scenes;
			sourceTree = "<group>";
		};
		6820F5482E2A91D800AF0630 /* Car */ = {
			isa = PBXGroup;
			children = (
				6820F54E2E2A9FBC00AF0630 /* Detail */,
				6820F5492E2A91EE00AF0630 /* List */,
			);
			path = Car;
			sourceTree = "<group>";
		};
		6820F5492E2A91EE00AF0630 /* List */ = {
			isa = PBXGroup;
			children = (
				6820F54C2E2A93C700AF0630 /* CarsListView.swift */,
				6820F54A2E2A923C00AF0630 /* CarsListViewModel.swift */,
			);
			path = List;
			sourceTree = "<group>";
		};
		6820F54E2E2A9FBC00AF0630 /* Detail */ = {
			isa = PBXGroup;
			children = (
				6820F5532E2AA00F00AF0630 /* FavoriteStatus.swift */,
				6820F5512E2A9FF000AF0630 /* CarDetailViewModel.swift */,
				6820F54F2E2A9FDA00AF0630 /* CarDetailView.swift */,
			);
			path = Detail;
			sourceTree = "<group>";
		};
/* End PBXGroup section */

/* Begin PBXNativeTarget section */
		6820F4F32E294B5600AF0630 /* GlobantChallenge2025 */ = {
			isa = PBXNativeTarget;
			buildConfigurationList = 6820F4FF2E294B5800AF0630 /* Build configuration list for PBXNativeTarget "GlobantChallenge2025" */;
			buildPhases = (
				6820F4F02E294B5600AF0630 /* Sources */,
				6820F4F12E294B5600AF0630 /* Frameworks */,
				6820F4F22E294B5600AF0630 /* Resources */,
			);
			buildRules = (
			);
			dependencies = (
			);
			name = GlobantChallenge2025;
			packageProductDependencies = (
			);
			productName = GlobantChallenge2025;
			productReference = 6820F4F42E294B5600AF0630 /* GlobantChallenge2025.app */;
			productType = "com.apple.product-type.application";
		};
/* End PBXNativeTarget section */

/* Begin PBXProject section */
		6820F4EC2E294B5600AF0630 /* Project object */ = {
			isa = PBXProject;
			attributes = {
				BuildIndependentTargetsInParallel = 1;
				LastSwiftUpdateCheck = 1640;
				LastUpgradeCheck = 1640;
				TargetAttributes = {
					6820F4F32E294B5600AF0630 = {
						CreatedOnToolsVersion = 16.4;
					};
				};
			};
			buildConfigurationList = 6820F4EF2E294B5600AF0630 /* Build configuration list for PBXProject "GlobantChallenge2025" */;
			developmentRegion = en;
			hasScannedForEncodings = 0;
			knownRegions = (
				en,
				Base,
			);
			mainGroup = 6820F4EB2E294B5600AF0630;
			minimizedProjectReferenceProxies = 1;
			preferredProjectObjectVersion = 77;
			productRefGroup = 6820F4F52E294B5600AF0630 /* Products */;
			projectDirPath = "";
			projectRoot = "";
			targets = (
				6820F4F32E294B5600AF0630 /* GlobantChallenge2025 */,
			);
		};
/* End PBXProject section */

/* Begin PBXResourcesBuildPhase section */
		6820F4F22E294B5600AF0630 /* Resources */ = {
			isa = PBXResourcesBuildPhase;
			buildActionMask = 2147483647;
			files = (
				6820F50A2E29855900AF0630 /* Assets.xcassets in Resources */,
			);
			runOnlyForDeploymentPostprocessing = 0;
		};
/* End PBXResourcesBuildPhase section */

/* Begin PBXSourcesBuildPhase section */
		6820F4F02E294B5600AF0630 /* Sources */ = {
			isa = PBXSourcesBuildPhase;
			buildActionMask = 2147483647;
			files = (
				6820F5292E29908300AF0630 /* MovieRemoteService.swift in Sources */,
				6820F51C2E29899000AF0630 /* MovieDTO.swift in Sources */,
				6820F50B2E29855900AF0630 /* ContentView.swift in Sources */,
				6820F54B2E2A925F00AF0630 /* CarsListViewModel.swift in Sources */,
				6820F5402E2A8F6900AF0630 /* MoviesInteractor.swift in Sources */,
				6820F51E2E298C8900AF0630 /* MovieServiceParams.swift in Sources */,
				6820F5522E2AA00A00AF0630 /* CarDetailViewModel.swift in Sources */,
				6820F53B2E29977600AF0630 /* AppInitializer.swift in Sources */,
				6820F54D2E2A93F600AF0630 /* CarsListView.swift in Sources */,
				6820F53D2E2998A700AF0630 /* Result+Handlers.swift in Sources */,
				6820F52B2E2990A300AF0630 /* MovieLocalService.swift in Sources */,
				6820F52D2E2993DB00AF0630 /* MovieResponseDTO.swift in Sources */,
				6820F5422E2A908800AF0630 /* Result+Extensions.swift in Sources */,
				6820F50C2E29855900AF0630 /* GlobantChallenge2025App.swift in Sources */,
				6820F5242E298E0400AF0630 /* String+Date.swift in Sources */,
				6820F5542E2AA02200AF0630 /* FavoriteStatus.swift in Sources */,
				6820F5312E29943300AF0630 /* Error+Result.swift in Sources */,
				6820F5192E29889400AF0630 /* Movie.swift in Sources */,
				6820F5502E2A9FE900AF0630 /* CarDetailView.swift in Sources */,
				6820F5272E29907100AF0630 /* MovieService.swift in Sources */,
			);
			runOnlyForDeploymentPostprocessing = 0;
		};
/* End PBXSourcesBuildPhase section */

/* Begin XCBuildConfiguration section */
		6820F4FD2E294B5800AF0630 /* Debug */ = {
			isa = XCBuildConfiguration;
			buildSettings = {
				ALWAYS_SEARCH_USER_PATHS = NO;
				ASSETCATALOG_COMPILER_GENERATE_SWIFT_ASSET_SYMBOL_EXTENSIONS = YES;
				CLANG_ANALYZER_NONNULL = YES;
				CLANG_ANALYZER_NUMBER_OBJECT_CONVERSION = YES_AGGRESSIVE;
				CLANG_CXX_LANGUAGE_STANDARD = "gnu++20";
				CLANG_ENABLE_MODULES = YES;
				CLANG_ENABLE_OBJC_ARC = YES;
				CLANG_ENABLE_OBJC_WEAK = YES;
				CLANG_WARN_BLOCK_CAPTURE_AUTORELEASING = YES;
				CLANG_WARN_BOOL_CONVERSION = YES;
				CLANG_WARN_COMMA = YES;
				CLANG_WARN_CONSTANT_CONVERSION = YES;
				CLANG_WARN_DEPRECATED_OBJC_IMPLEMENTATIONS = YES;
				CLANG_WARN_DIRECT_OBJC_ISA_USAGE = YES_ERROR;
				CLANG_WARN_DOCUMENTATION_COMMENTS = YES;
				CLANG_WARN_EMPTY_BODY = YES;
				CLANG_WARN_ENUM_CONVERSION = YES;
				CLANG_WARN_INFINITE_RECURSION = YES;
				CLANG_WARN_INT_CONVERSION = YES;
				CLANG_WARN_NON_LITERAL_NULL_CONVERSION = YES;
				CLANG_WARN_OBJC_IMPLICIT_RETAIN_SELF = YES;
				CLANG_WARN_OBJC_LITERAL_CONVERSION = YES;
				CLANG_WARN_OBJC_ROOT_CLASS = YES_ERROR;
				CLANG_WARN_QUOTED_INCLUDE_IN_FRAMEWORK_HEADER = YES;
				CLANG_WARN_RANGE_LOOP_ANALYSIS = YES;
				CLANG_WARN_STRICT_PROTOTYPES = YES;
				CLANG_WARN_SUSPICIOUS_MOVE = YES;
				CLANG_WARN_UNGUARDED_AVAILABILITY = YES_AGGRESSIVE;
				CLANG_WARN_UNREACHABLE_CODE = YES;
				CLANG_WARN__DUPLICATE_METHOD_MATCH = YES;
				COPY_PHASE_STRIP = NO;
				DEBUG_INFORMATION_FORMAT = dwarf;
				ENABLE_STRICT_OBJC_MSGSEND = YES;
				ENABLE_TESTABILITY = YES;
				ENABLE_USER_SCRIPT_SANDBOXING = YES;
				GCC_C_LANGUAGE_STANDARD = gnu17;
				GCC_DYNAMIC_NO_PIC = NO;
				GCC_NO_COMMON_BLOCKS = YES;
				GCC_OPTIMIZATION_LEVEL = 0;
				GCC_PREPROCESSOR_DEFINITIONS = (
					"DEBUG=1",
					"$(inherited)",
				);
				GCC_WARN_64_TO_32_BIT_CONVERSION = YES;
				GCC_WARN_ABOUT_RETURN_TYPE = YES_ERROR;
				GCC_WARN_UNDECLARED_SELECTOR = YES;
				GCC_WARN_UNINITIALIZED_AUTOS = YES_AGGRESSIVE;
				GCC_WARN_UNUSED_FUNCTION = YES;
				GCC_WARN_UNUSED_VARIABLE = YES;
				IPHONEOS_DEPLOYMENT_TARGET = 18.5;
				LOCALIZATION_PREFERS_STRING_CATALOGS = YES;
				MTL_ENABLE_DEBUG_INFO = INCLUDE_SOURCE;
				MTL_FAST_MATH = YES;
				ONLY_ACTIVE_ARCH = YES;
				SDKROOT = iphoneos;
				SWIFT_ACTIVE_COMPILATION_CONDITIONS = "DEBUG $(inherited)";
				SWIFT_OPTIMIZATION_LEVEL = "-Onone";
			};
			name = Debug;
		};
		6820F4FE2E294B5800AF0630 /* Release */ = {
			isa = XCBuildConfiguration;
			buildSettings = {
				ALWAYS_SEARCH_USER_PATHS = NO;
				ASSETCATALOG_COMPILER_GENERATE_SWIFT_ASSET_SYMBOL_EXTENSIONS = YES;
				CLANG_ANALYZER_NONNULL = YES;
				CLANG_ANALYZER_NUMBER_OBJECT_CONVERSION = YES_AGGRESSIVE;
				CLANG_CXX_LANGUAGE_STANDARD = "gnu++20";
				CLANG_ENABLE_MODULES = YES;
				CLANG_ENABLE_OBJC_ARC = YES;
				CLANG_ENABLE_OBJC_WEAK = YES;
				CLANG_WARN_BLOCK_CAPTURE_AUTORELEASING = YES;
				CLANG_WARN_BOOL_CONVERSION = YES;
				CLANG_WARN_COMMA = YES;
				CLANG_WARN_CONSTANT_CONVERSION = YES;
				CLANG_WARN_DEPRECATED_OBJC_IMPLEMENTATIONS = YES;
				CLANG_WARN_DIRECT_OBJC_ISA_USAGE = YES_ERROR;
				CLANG_WARN_DOCUMENTATION_COMMENTS = YES;
				CLANG_WARN_EMPTY_BODY = YES;
				CLANG_WARN_ENUM_CONVERSION = YES;
				CLANG_WARN_INFINITE_RECURSION = YES;
				CLANG_WARN_INT_CONVERSION = YES;
				CLANG_WARN_NON_LITERAL_NULL_CONVERSION = YES;
				CLANG_WARN_OBJC_IMPLICIT_RETAIN_SELF = YES;
				CLANG_WARN_OBJC_LITERAL_CONVERSION = YES;
				CLANG_WARN_OBJC_ROOT_CLASS = YES_ERROR;
				CLANG_WARN_QUOTED_INCLUDE_IN_FRAMEWORK_HEADER = YES;
				CLANG_WARN_RANGE_LOOP_ANALYSIS = YES;
				CLANG_WARN_STRICT_PROTOTYPES = YES;
				CLANG_WARN_SUSPICIOUS_MOVE = YES;
				CLANG_WARN_UNGUARDED_AVAILABILITY = YES_AGGRESSIVE;
				CLANG_WARN_UNREACHABLE_CODE = YES;
				CLANG_WARN__DUPLICATE_METHOD_MATCH = YES;
				COPY_PHASE_STRIP = NO;
				DEBUG_INFORMATION_FORMAT = "dwarf-with-dsym";
				ENABLE_NS_ASSERTIONS = NO;
				ENABLE_STRICT_OBJC_MSGSEND = YES;
				ENABLE_USER_SCRIPT_SANDBOXING = YES;
				GCC_C_LANGUAGE_STANDARD = gnu17;
				GCC_NO_COMMON_BLOCKS = YES;
				GCC_WARN_64_TO_32_BIT_CONVERSION = YES;
				GCC_WARN_ABOUT_RETURN_TYPE = YES_ERROR;
				GCC_WARN_UNDECLARED_SELECTOR = YES;
				GCC_WARN_UNINITIALIZED_AUTOS = YES_AGGRESSIVE;
				GCC_WARN_UNUSED_FUNCTION = YES;
				GCC_WARN_UNUSED_VARIABLE = YES;
				IPHONEOS_DEPLOYMENT_TARGET = 18.5;
				LOCALIZATION_PREFERS_STRING_CATALOGS = YES;
				MTL_ENABLE_DEBUG_INFO = NO;
				MTL_FAST_MATH = YES;
				SDKROOT = iphoneos;
				SWIFT_COMPILATION_MODE = wholemodule;
				VALIDATE_PRODUCT = YES;
			};
			name = Release;
		};
		6820F5002E294B5800AF0630 /* Debug */ = {
			isa = XCBuildConfiguration;
			buildSettings = {
				ASSETCATALOG_COMPILER_APPICON_NAME = AppIcon;
				ASSETCATALOG_COMPILER_GLOBAL_ACCENT_COLOR_NAME = AccentColor;
				CODE_SIGN_STYLE = Automatic;
				CURRENT_PROJECT_VERSION = 1;
				ENABLE_PREVIEWS = YES;
				GENERATE_INFOPLIST_FILE = YES;
				INFOPLIST_KEY_UIApplicationSceneManifest_Generation = YES;
				INFOPLIST_KEY_UIApplicationSupportsIndirectInputEvents = YES;
				INFOPLIST_KEY_UILaunchScreen_Generation = YES;
				INFOPLIST_KEY_UISupportedInterfaceOrientations_iPad = "UIInterfaceOrientationPortrait UIInterfaceOrientationPortraitUpsideDown UIInterfaceOrientationLandscapeLeft UIInterfaceOrientationLandscapeRight";
				INFOPLIST_KEY_UISupportedInterfaceOrientations_iPhone = "UIInterfaceOrientationPortrait UIInterfaceOrientationLandscapeLeft UIInterfaceOrientationLandscapeRight";
				LD_RUNPATH_SEARCH_PATHS = (
					"$(inherited)",
					"@executable_path/Frameworks",
				);
				MARKETING_VERSION = 1.0;
				PRODUCT_BUNDLE_IDENTIFIER = com.crp.GlobantChallenge2025;
				PRODUCT_NAME = "$(TARGET_NAME)";
				SWIFT_EMIT_LOC_STRINGS = YES;
				SWIFT_VERSION = 5.0;
				TARGETED_DEVICE_FAMILY = "1,2";
			};
			name = Debug;
		};
		6820F5012E294B5800AF0630 /* Release */ = {
			isa = XCBuildConfiguration;
			buildSettings = {
				ASSETCATALOG_COMPILER_APPICON_NAME = AppIcon;
				ASSETCATALOG_COMPILER_GLOBAL_ACCENT_COLOR_NAME = AccentColor;
				CODE_SIGN_STYLE = Automatic;
				CURRENT_PROJECT_VERSION = 1;
				ENABLE_PREVIEWS = YES;
				GENERATE_INFOPLIST_FILE = YES;
				INFOPLIST_KEY_UIApplicationSceneManifest_Generation = YES;
				INFOPLIST_KEY_UIApplicationSupportsIndirectInputEvents = YES;
				INFOPLIST_KEY_UILaunchScreen_Generation = YES;
				INFOPLIST_KEY_UISupportedInterfaceOrientations_iPad = "UIInterfaceOrientationPortrait UIInterfaceOrientationPortraitUpsideDown UIInterfaceOrientationLandscapeLeft UIInterfaceOrientationLandscapeRight";
				INFOPLIST_KEY_UISupportedInterfaceOrientations_iPhone = "UIInterfaceOrientationPortrait UIInterfaceOrientationLandscapeLeft UIInterfaceOrientationLandscapeRight";
				LD_RUNPATH_SEARCH_PATHS = (
					"$(inherited)",
					"@executable_path/Frameworks",
				);
				MARKETING_VERSION = 1.0;
				PRODUCT_BUNDLE_IDENTIFIER = com.crp.GlobantChallenge2025;
				PRODUCT_NAME = "$(TARGET_NAME)";
				SWIFT_EMIT_LOC_STRINGS = YES;
				SWIFT_VERSION = 5.0;
				TARGETED_DEVICE_FAMILY = "1,2";
			};
			name = Release;
		};
/* End XCBuildConfiguration section */

/* Begin XCConfigurationList section */
		6820F4EF2E294B5600AF0630 /* Build configuration list for PBXProject "GlobantChallenge2025" */ = {
			isa = XCConfigurationList;
			buildConfigurations = (
				6820F4FD2E294B5800AF0630 /* Debug */,
				6820F4FE2E294B5800AF0630 /* Release */,
			);
			defaultConfigurationIsVisible = 0;
			defaultConfigurationName = Release;
		};
		6820F4FF2E294B5800AF0630 /* Build configuration list for PBXNativeTarget "GlobantChallenge2025" */ = {
			isa = XCConfigurationList;
			buildConfigurations = (
				6820F5002E294B5800AF0630 /* Debug */,
				6820F5012E294B5800AF0630 /* Release */,
			);
			defaultConfigurationIsVisible = 0;
			defaultConfigurationName = Release;
		};
/* End XCConfigurationList section */
	};
	rootObject = 6820F4EC2E294B5600AF0630 /* Project object */;
}
